// !$*UTF8*$!
{
	archiveVersion = 1;
	classes = {
	};
	objectVersion = 56;
	objects = {

/* Begin PBXBuildFile section */
		6E27716F2BF7A9CD007E37BE /* MapView.swift in Sources */ = {isa = PBXBuildFile; fileRef = 6E27716E2BF7A9CD007E37BE /* MapView.swift */; };
		6E2771732BF7AA12007E37BE /* ProfileView.swift in Sources */ = {isa = PBXBuildFile; fileRef = 6E2771722BF7AA12007E37BE /* ProfileView.swift */; };
		6E2771752BF7AA23007E37BE /* FavoriteView.swift in Sources */ = {isa = PBXBuildFile; fileRef = 6E2771742BF7AA23007E37BE /* FavoriteView.swift */; };
		6E2771772BF7AA62007E37BE /* BasketView.swift in Sources */ = {isa = PBXBuildFile; fileRef = 6E2771762BF7AA62007E37BE /* BasketView.swift */; };
		6E27717A2BF7ADCA007E37BE /* MainTabView.swift in Sources */ = {isa = PBXBuildFile; fileRef = 6E2771792BF7ADCA007E37BE /* MainTabView.swift */; };
		6EA923F52BF7797F005079E6 /* LocalEatApp.swift in Sources */ = {isa = PBXBuildFile; fileRef = 6EA923F42BF7797F005079E6 /* LocalEatApp.swift */; };
		6EA923F72BF7797F005079E6 /* ContentView.swift in Sources */ = {isa = PBXBuildFile; fileRef = 6EA923F62BF7797F005079E6 /* ContentView.swift */; };
		6EA923F92BF77985005079E6 /* Assets.xcassets in Resources */ = {isa = PBXBuildFile; fileRef = 6EA923F82BF77985005079E6 /* Assets.xcassets */; };
		6EA923FC2BF77985005079E6 /* Preview Assets.xcassets in Resources */ = {isa = PBXBuildFile; fileRef = 6EA923FB2BF77985005079E6 /* Preview Assets.xcassets */; };
		6EA923FE2BF77985005079E6 /* Persistence.swift in Sources */ = {isa = PBXBuildFile; fileRef = 6EA923FD2BF77985005079E6 /* Persistence.swift */; };
		6EA924012BF77985005079E6 /* LocalEat.xcdatamodeld in Sources */ = {isa = PBXBuildFile; fileRef = 6EA923FF2BF77985005079E6 /* LocalEat.xcdatamodeld */; };
/* End PBXBuildFile section */

/* Begin PBXFileReference section */
		6E27716E2BF7A9CD007E37BE /* MapView.swift */ = {isa = PBXFileReference; lastKnownFileType = sourcecode.swift; path = MapView.swift; sourceTree = "<group>"; };
		6E2771722BF7AA12007E37BE /* ProfileView.swift */ = {isa = PBXFileReference; lastKnownFileType = sourcecode.swift; path = ProfileView.swift; sourceTree = "<group>"; };
		6E2771742BF7AA23007E37BE /* FavoriteView.swift */ = {isa = PBXFileReference; lastKnownFileType = sourcecode.swift; path = FavoriteView.swift; sourceTree = "<group>"; };
		6E2771762BF7AA62007E37BE /* BasketView.swift */ = {isa = PBXFileReference; lastKnownFileType = sourcecode.swift; path = BasketView.swift; sourceTree = "<group>"; };
		6E2771792BF7ADCA007E37BE /* MainTabView.swift */ = {isa = PBXFileReference; lastKnownFileType = sourcecode.swift; path = MainTabView.swift; sourceTree = "<group>"; };
		6EA923F12BF7797F005079E6 /* LocalEat.app */ = {isa = PBXFileReference; explicitFileType = wrapper.application; includeInIndex = 0; path = LocalEat.app; sourceTree = BUILT_PRODUCTS_DIR; };
		6EA923F42BF7797F005079E6 /* LocalEatApp.swift */ = {isa = PBXFileReference; lastKnownFileType = sourcecode.swift; path = LocalEatApp.swift; sourceTree = "<group>"; };
		6EA923F62BF7797F005079E6 /* ContentView.swift */ = {isa = PBXFileReference; lastKnownFileType = sourcecode.swift; path = ContentView.swift; sourceTree = "<group>"; };
		6EA923F82BF77985005079E6 /* Assets.xcassets */ = {isa = PBXFileReference; lastKnownFileType = folder.assetcatalog; path = Assets.xcassets; sourceTree = "<group>"; };
		6EA923FB2BF77985005079E6 /* Preview Assets.xcassets */ = {isa = PBXFileReference; lastKnownFileType = folder.assetcatalog; path = "Preview Assets.xcassets"; sourceTree = "<group>"; };
		6EA923FD2BF77985005079E6 /* Persistence.swift */ = {isa = PBXFileReference; lastKnownFileType = sourcecode.swift; path = Persistence.swift; sourceTree = "<group>"; };
		6EA924002BF77985005079E6 /* LocalEat.xcdatamodel */ = {isa = PBXFileReference; lastKnownFileType = wrapper.xcdatamodel; path = LocalEat.xcdatamodel; sourceTree = "<group>"; };
/* End PBXFileReference section */

/* Begin PBXFrameworksBuildPhase section */
		6EA923EE2BF7797F005079E6 /* Frameworks */ = {
			isa = PBXFrameworksBuildPhase;
			buildActionMask = 2147483647;
			files = (
			);
			runOnlyForDeploymentPostprocessing = 0;
		};
/* End PBXFrameworksBuildPhase section */

/* Begin PBXGroup section */
		6E2771622BF7A3F3007E37BE /* App */ = {
			isa = PBXGroup;
			children = (
				6EA923F42BF7797F005079E6 /* LocalEatApp.swift */,
			);
			path = App;
			sourceTree = "<group>";
		};
		6E2771632BF7A400007E37BE /* Components */ = {
			isa = PBXGroup;
			children = (
			);
			path = Components;
			sourceTree = "<group>";
		};
		6E2771642BF7A415007E37BE /* Core */ = {
			isa = PBXGroup;
			children = (
				6E2771662BF7A443007E37BE /* Authentification */,
				6E27716B2BF7A93C007E37BE /* Basket */,
				6E27716C2BF7A945007E37BE /* Favorite */,
				6E27716A2BF7A92F007E37BE /* Map */,
				6E2771672BF7A450007E37BE /* Profile */,
				6E2771682BF7A46B007E37BE /* Root */,
				6E2771782BF7ADA9007E37BE /* TabBar */,
			);
			path = Core;
			sourceTree = "<group>";
		};
		6E2771652BF7A428007E37BE /* Model */ = {
			isa = PBXGroup;
			children = (
			);
			path = Model;
			sourceTree = "<group>";
		};
		6E2771662BF7A443007E37BE /* Authentification */ = {
			isa = PBXGroup;
			children = (
				6E2771702BF7A9EC007E37BE /* View */,
				6E2771712BF7A9F1007E37BE /* ViewModel */,
			);
			path = Authentification;
			sourceTree = "<group>";
		};
		6E2771672BF7A450007E37BE /* Profile */ = {
			isa = PBXGroup;
			children = (
				6E2771722BF7AA12007E37BE /* ProfileView.swift */,
			);
			path = Profile;
			sourceTree = "<group>";
		};
		6E2771682BF7A46B007E37BE /* Root */ = {
			isa = PBXGroup;
			children = (
				6EA923F62BF7797F005079E6 /* ContentView.swift */,
			);
			path = Root;
			sourceTree = "<group>";
		};
		6E2771692BF7A497007E37BE /* DataModel */ = {
			isa = PBXGroup;
			children = (
				6EA923FF2BF77985005079E6 /* LocalEat.xcdatamodeld */,
			);
			path = DataModel;
			sourceTree = "<group>";
		};
		6E27716A2BF7A92F007E37BE /* Map */ = {
			isa = PBXGroup;
			children = (
				6E27716E2BF7A9CD007E37BE /* MapView.swift */,
			);
			path = Map;
			sourceTree = "<group>";
		};
		6E27716B2BF7A93C007E37BE /* Basket */ = {
			isa = PBXGroup;
			children = (
				6E2771762BF7AA62007E37BE /* BasketView.swift */,
			);
			path = Basket;
			sourceTree = "<group>";
		};
		6E27716C2BF7A945007E37BE /* Favorite */ = {
			isa = PBXGroup;
			children = (
				6E2771742BF7AA23007E37BE /* FavoriteView.swift */,
			);
			path = Favorite;
			sourceTree = "<group>";
		};
		6E2771702BF7A9EC007E37BE /* View */ = {
			isa = PBXGroup;
			children = (
			);
			path = View;
			sourceTree = "<group>";
		};
		6E2771712BF7A9F1007E37BE /* ViewModel */ = {
			isa = PBXGroup;
			children = (
			);
			path = ViewModel;
			sourceTree = "<group>";
		};
		6E2771782BF7ADA9007E37BE /* TabBar */ = {
			isa = PBXGroup;
			children = (
				6E2771792BF7ADCA007E37BE /* MainTabView.swift */,
			);
			path = TabBar;
			sourceTree = "<group>";
		};
		6EA923E82BF7797F005079E6 = {
			isa = PBXGroup;
			children = (
				6EA923F32BF7797F005079E6 /* LocalEat */,
				6EA923F22BF7797F005079E6 /* Products */,
			);
			sourceTree = "<group>";
		};
		6EA923F22BF7797F005079E6 /* Products */ = {
			isa = PBXGroup;
			children = (
				6EA923F12BF7797F005079E6 /* LocalEat.app */,
			);
			name = Products;
			sourceTree = "<group>";
		};
		6EA923F32BF7797F005079E6 /* LocalEat */ = {
			isa = PBXGroup;
			children = (
				6E2771622BF7A3F3007E37BE /* App */,
				6E2771632BF7A400007E37BE /* Components */,
				6E2771642BF7A415007E37BE /* Core */,
				6E2771692BF7A497007E37BE /* DataModel */,
				6E2771652BF7A428007E37BE /* Model */,
				6EA923F82BF77985005079E6 /* Assets.xcassets */,
				6EA923FD2BF77985005079E6 /* Persistence.swift */,
				6EA923FA2BF77985005079E6 /* Preview Content */,
			);
			path = LocalEat;
			sourceTree = "<group>";
		};
		6EA923FA2BF77985005079E6 /* Preview Content */ = {
			isa = PBXGroup;
			children = (
				6EA923FB2BF77985005079E6 /* Preview Assets.xcassets */,
			);
			path = "Preview Content";
			sourceTree = "<group>";
		};
/* End PBXGroup section */

/* Begin PBXNativeTarget section */
		6EA923F02BF7797F005079E6 /* LocalEat */ = {
			isa = PBXNativeTarget;
			buildConfigurationList = 6EA924042BF77985005079E6 /* Build configuration list for PBXNativeTarget "LocalEat" */;
			buildPhases = (
				6EA923ED2BF7797F005079E6 /* Sources */,
				6EA923EE2BF7797F005079E6 /* Frameworks */,
				6EA923EF2BF7797F005079E6 /* Resources */,
			);
			buildRules = (
			);
			dependencies = (
			);
			name = LocalEat;
			productName = LocalEat;
			productReference = 6EA923F12BF7797F005079E6 /* LocalEat.app */;
			productType = "com.apple.product-type.application";
		};
/* End PBXNativeTarget section */

/* Begin PBXProject section */
		6EA923E92BF7797F005079E6 /* Project object */ = {
			isa = PBXProject;
			attributes = {
				BuildIndependentTargetsInParallel = 1;
				LastSwiftUpdateCheck = 1530;
				LastUpgradeCheck = 1530;
				TargetAttributes = {
					6EA923F02BF7797F005079E6 = {
						CreatedOnToolsVersion = 15.3;
					};
				};
			};
			buildConfigurationList = 6EA923EC2BF7797F005079E6 /* Build configuration list for PBXProject "LocalEat" */;
			compatibilityVersion = "Xcode 14.0";
			developmentRegion = en;
			hasScannedForEncodings = 0;
			knownRegions = (
				en,
				Base,
			);
			mainGroup = 6EA923E82BF7797F005079E6;
			productRefGroup = 6EA923F22BF7797F005079E6 /* Products */;
			projectDirPath = "";
			projectRoot = "";
			targets = (
				6EA923F02BF7797F005079E6 /* LocalEat */,
			);
		};
/* End PBXProject section */

/* Begin PBXResourcesBuildPhase section */
		6EA923EF2BF7797F005079E6 /* Resources */ = {
			isa = PBXResourcesBuildPhase;
			buildActionMask = 2147483647;
			files = (
				6EA923FC2BF77985005079E6 /* Preview Assets.xcassets in Resources */,
				6EA923F92BF77985005079E6 /* Assets.xcassets in Resources */,
			);
			runOnlyForDeploymentPostprocessing = 0;
		};
/* End PBXResourcesBuildPhase section */

/* Begin PBXSourcesBuildPhase section */
		6EA923ED2BF7797F005079E6 /* Sources */ = {
			isa = PBXSourcesBuildPhase;
			buildActionMask = 2147483647;
			files = (
				6E2771772BF7AA62007E37BE /* BasketView.swift in Sources */,
				6EA923FE2BF77985005079E6 /* Persistence.swift in Sources */,
				6E27717A2BF7ADCA007E37BE /* MainTabView.swift in Sources */,
				6EA923F72BF7797F005079E6 /* ContentView.swift in Sources */,
				6E2771752BF7AA23007E37BE /* FavoriteView.swift in Sources */,
				6E27716F2BF7A9CD007E37BE /* MapView.swift in Sources */,
				6EA924012BF77985005079E6 /* LocalEat.xcdatamodeld in Sources */,
				6E2771732BF7AA12007E37BE /* ProfileView.swift in Sources */,
				6EA923F52BF7797F005079E6 /* LocalEatApp.swift in Sources */,
			);
			runOnlyForDeploymentPostprocessing = 0;
		};
/* End PBXSourcesBuildPhase section */

/* Begin XCBuildConfiguration section */
		6EA924022BF77985005079E6 /* Debug */ = {
			isa = XCBuildConfiguration;
			buildSettings = {
				ALWAYS_SEARCH_USER_PATHS = NO;
				ASSETCATALOG_COMPILER_GENERATE_SWIFT_ASSET_SYMBOL_EXTENSIONS = YES;
				CLANG_ANALYZER_NONNULL = YES;
				CLANG_ANALYZER_NUMBER_OBJECT_CONVERSION = YES_AGGRESSIVE;
				CLANG_CXX_LANGUAGE_STANDARD = "gnu++20";
				CLANG_ENABLE_MODULES = YES;
				CLANG_ENABLE_OBJC_ARC = YES;
				CLANG_ENABLE_OBJC_WEAK = YES;
				CLANG_WARN_BLOCK_CAPTURE_AUTORELEASING = YES;
				CLANG_WARN_BOOL_CONVERSION = YES;
				CLANG_WARN_COMMA = YES;
				CLANG_WARN_CONSTANT_CONVERSION = YES;
				CLANG_WARN_DEPRECATED_OBJC_IMPLEMENTATIONS = YES;
				CLANG_WARN_DIRECT_OBJC_ISA_USAGE = YES_ERROR;
				CLANG_WARN_DOCUMENTATION_COMMENTS = YES;
				CLANG_WARN_EMPTY_BODY = YES;
				CLANG_WARN_ENUM_CONVERSION = YES;
				CLANG_WARN_INFINITE_RECURSION = YES;
				CLANG_WARN_INT_CONVERSION = YES;
				CLANG_WARN_NON_LITERAL_NULL_CONVERSION = YES;
				CLANG_WARN_OBJC_IMPLICIT_RETAIN_SELF = YES;
				CLANG_WARN_OBJC_LITERAL_CONVERSION = YES;
				CLANG_WARN_OBJC_ROOT_CLASS = YES_ERROR;
				CLANG_WARN_QUOTED_INCLUDE_IN_FRAMEWORK_HEADER = YES;
				CLANG_WARN_RANGE_LOOP_ANALYSIS = YES;
				CLANG_WARN_STRICT_PROTOTYPES = YES;
				CLANG_WARN_SUSPICIOUS_MOVE = YES;
				CLANG_WARN_UNGUARDED_AVAILABILITY = YES_AGGRESSIVE;
				CLANG_WARN_UNREACHABLE_CODE = YES;
				CLANG_WARN__DUPLICATE_METHOD_MATCH = YES;
				COPY_PHASE_STRIP = NO;
				DEBUG_INFORMATION_FORMAT = dwarf;
				ENABLE_STRICT_OBJC_MSGSEND = YES;
				ENABLE_TESTABILITY = YES;
				ENABLE_USER_SCRIPT_SANDBOXING = YES;
				GCC_C_LANGUAGE_STANDARD = gnu17;
				GCC_DYNAMIC_NO_PIC = NO;
				GCC_NO_COMMON_BLOCKS = YES;
				GCC_OPTIMIZATION_LEVEL = 0;
				GCC_PREPROCESSOR_DEFINITIONS = (
					"DEBUG=1",
					"$(inherited)",
				);
				GCC_WARN_64_TO_32_BIT_CONVERSION = YES;
				GCC_WARN_ABOUT_RETURN_TYPE = YES_ERROR;
				GCC_WARN_UNDECLARED_SELECTOR = YES;
				GCC_WARN_UNINITIALIZED_AUTOS = YES_AGGRESSIVE;
				GCC_WARN_UNUSED_FUNCTION = YES;
				GCC_WARN_UNUSED_VARIABLE = YES;
				IPHONEOS_DEPLOYMENT_TARGET = 17.4;
				LOCALIZATION_PREFERS_STRING_CATALOGS = YES;
				MTL_ENABLE_DEBUG_INFO = INCLUDE_SOURCE;
				MTL_FAST_MATH = YES;
				ONLY_ACTIVE_ARCH = YES;
				SDKROOT = iphoneos;
				SWIFT_ACTIVE_COMPILATION_CONDITIONS = "DEBUG $(inherited)";
				SWIFT_OPTIMIZATION_LEVEL = "-Onone";
			};
			name = Debug;
		};
		6EA924032BF77985005079E6 /* Release */ = {
			isa = XCBuildConfiguration;
			buildSettings = {
				ALWAYS_SEARCH_USER_PATHS = NO;
				ASSETCATALOG_COMPILER_GENERATE_SWIFT_ASSET_SYMBOL_EXTENSIONS = YES;
				CLANG_ANALYZER_NONNULL = YES;
				CLANG_ANALYZER_NUMBER_OBJECT_CONVERSION = YES_AGGRESSIVE;
				CLANG_CXX_LANGUAGE_STANDARD = "gnu++20";
				CLANG_ENABLE_MODULES = YES;
				CLANG_ENABLE_OBJC_ARC = YES;
				CLANG_ENABLE_OBJC_WEAK = YES;
				CLANG_WARN_BLOCK_CAPTURE_AUTORELEASING = YES;
				CLANG_WARN_BOOL_CONVERSION = YES;
				CLANG_WARN_COMMA = YES;
				CLANG_WARN_CONSTANT_CONVERSION = YES;
				CLANG_WARN_DEPRECATED_OBJC_IMPLEMENTATIONS = YES;
				CLANG_WARN_DIRECT_OBJC_ISA_USAGE = YES_ERROR;
				CLANG_WARN_DOCUMENTATION_COMMENTS = YES;
				CLANG_WARN_EMPTY_BODY = YES;
				CLANG_WARN_ENUM_CONVERSION = YES;
				CLANG_WARN_INFINITE_RECURSION = YES;
				CLANG_WARN_INT_CONVERSION = YES;
				CLANG_WARN_NON_LITERAL_NULL_CONVERSION = YES;
				CLANG_WARN_OBJC_IMPLICIT_RETAIN_SELF = YES;
				CLANG_WARN_OBJC_LITERAL_CONVERSION = YES;
				CLANG_WARN_OBJC_ROOT_CLASS = YES_ERROR;
				CLANG_WARN_QUOTED_INCLUDE_IN_FRAMEWORK_HEADER = YES;
				CLANG_WARN_RANGE_LOOP_ANALYSIS = YES;
				CLANG_WARN_STRICT_PROTOTYPES = YES;
				CLANG_WARN_SUSPICIOUS_MOVE = YES;
				CLANG_WARN_UNGUARDED_AVAILABILITY = YES_AGGRESSIVE;
				CLANG_WARN_UNREACHABLE_CODE = YES;
				CLANG_WARN__DUPLICATE_METHOD_MATCH = YES;
				COPY_PHASE_STRIP = NO;
				DEBUG_INFORMATION_FORMAT = "dwarf-with-dsym";
				ENABLE_NS_ASSERTIONS = NO;
				ENABLE_STRICT_OBJC_MSGSEND = YES;
				ENABLE_USER_SCRIPT_SANDBOXING = YES;
				GCC_C_LANGUAGE_STANDARD = gnu17;
				GCC_NO_COMMON_BLOCKS = YES;
				GCC_WARN_64_TO_32_BIT_CONVERSION = YES;
				GCC_WARN_ABOUT_RETURN_TYPE = YES_ERROR;
				GCC_WARN_UNDECLARED_SELECTOR = YES;
				GCC_WARN_UNINITIALIZED_AUTOS = YES_AGGRESSIVE;
				GCC_WARN_UNUSED_FUNCTION = YES;
				GCC_WARN_UNUSED_VARIABLE = YES;
				IPHONEOS_DEPLOYMENT_TARGET = 17.4;
				LOCALIZATION_PREFERS_STRING_CATALOGS = YES;
				MTL_ENABLE_DEBUG_INFO = NO;
				MTL_FAST_MATH = YES;
				SDKROOT = iphoneos;
				SWIFT_COMPILATION_MODE = wholemodule;
				VALIDATE_PRODUCT = YES;
			};
			name = Release;
		};
		6EA924052BF77985005079E6 /* Debug */ = {
			isa = XCBuildConfiguration;
			buildSettings = {
				ASSETCATALOG_COMPILER_APPICON_NAME = AppIcon;
				ASSETCATALOG_COMPILER_GLOBAL_ACCENT_COLOR_NAME = AccentColor;
				CODE_SIGN_STYLE = Automatic;
				CURRENT_PROJECT_VERSION = 1;
				DEVELOPMENT_ASSET_PATHS = "\"LocalEat/Preview Content\"";
				DEVELOPMENT_TEAM = NH322A5M6D;
				ENABLE_PREVIEWS = YES;
				GENERATE_INFOPLIST_FILE = YES;
				INFOPLIST_KEY_UIApplicationSceneManifest_Generation = YES;
				INFOPLIST_KEY_UIApplicationSupportsIndirectInputEvents = YES;
				INFOPLIST_KEY_UILaunchScreen_Generation = YES;
				INFOPLIST_KEY_UISupportedInterfaceOrientations_iPad = "UIInterfaceOrientationPortrait UIInterfaceOrientationPortraitUpsideDown UIInterfaceOrientationLandscapeLeft UIInterfaceOrientationLandscapeRight";
				INFOPLIST_KEY_UISupportedInterfaceOrientations_iPhone = "UIInterfaceOrientationPortrait UIInterfaceOrientationLandscapeLeft UIInterfaceOrientationLandscapeRight";
				LD_RUNPATH_SEARCH_PATHS = (
					"$(inherited)",
					"@executable_path/Frameworks",
				);
				MARKETING_VERSION = 1.0;
				PRODUCT_BUNDLE_IDENTIFIER = com.LorenzoM.LocalEat;
				PRODUCT_NAME = "$(TARGET_NAME)";
				SWIFT_EMIT_LOC_STRINGS = YES;
				SWIFT_VERSION = 5.0;
				TARGETED_DEVICE_FAMILY = "1,2";
			};
			name = Debug;
		};
		6EA924062BF77985005079E6 /* Release */ = {
			isa = XCBuildConfiguration;
			buildSettings = {
				ASSETCATALOG_COMPILER_APPICON_NAME = AppIcon;
				ASSETCATALOG_COMPILER_GLOBAL_ACCENT_COLOR_NAME = AccentColor;
				CODE_SIGN_STYLE = Automatic;
				CURRENT_PROJECT_VERSION = 1;
				DEVELOPMENT_ASSET_PATHS = "\"LocalEat/Preview Content\"";
				DEVELOPMENT_TEAM = NH322A5M6D;
				ENABLE_PREVIEWS = YES;
				GENERATE_INFOPLIST_FILE = YES;
				INFOPLIST_KEY_UIApplicationSceneManifest_Generation = YES;
				INFOPLIST_KEY_UIApplicationSupportsIndirectInputEvents = YES;
				INFOPLIST_KEY_UILaunchScreen_Generation = YES;
				INFOPLIST_KEY_UISupportedInterfaceOrientations_iPad = "UIInterfaceOrientationPortrait UIInterfaceOrientationPortraitUpsideDown UIInterfaceOrientationLandscapeLeft UIInterfaceOrientationLandscapeRight";
				INFOPLIST_KEY_UISupportedInterfaceOrientations_iPhone = "UIInterfaceOrientationPortrait UIInterfaceOrientationLandscapeLeft UIInterfaceOrientationLandscapeRight";
				LD_RUNPATH_SEARCH_PATHS = (
					"$(inherited)",
					"@executable_path/Frameworks",
				);
				MARKETING_VERSION = 1.0;
				PRODUCT_BUNDLE_IDENTIFIER = com.LorenzoM.LocalEat;
				PRODUCT_NAME = "$(TARGET_NAME)";
				SWIFT_EMIT_LOC_STRINGS = YES;
				SWIFT_VERSION = 5.0;
				TARGETED_DEVICE_FAMILY = "1,2";
			};
			name = Release;
		};
/* End XCBuildConfiguration section */

/* Begin XCConfigurationList section */
		6EA923EC2BF7797F005079E6 /* Build configuration list for PBXProject "LocalEat" */ = {
			isa = XCConfigurationList;
			buildConfigurations = (
				6EA924022BF77985005079E6 /* Debug */,
				6EA924032BF77985005079E6 /* Release */,
			);
			defaultConfigurationIsVisible = 0;
			defaultConfigurationName = Release;
		};
		6EA924042BF77985005079E6 /* Build configuration list for PBXNativeTarget "LocalEat" */ = {
			isa = XCConfigurationList;
			buildConfigurations = (
				6EA924052BF77985005079E6 /* Debug */,
				6EA924062BF77985005079E6 /* Release */,
			);
			defaultConfigurationIsVisible = 0;
			defaultConfigurationName = Release;
		};
/* End XCConfigurationList section */

/* Begin XCVersionGroup section */
		6EA923FF2BF77985005079E6 /* LocalEat.xcdatamodeld */ = {
			isa = XCVersionGroup;
			children = (
				6EA924002BF77985005079E6 /* LocalEat.xcdatamodel */,
			);
			currentVersion = 6EA924002BF77985005079E6 /* LocalEat.xcdatamodel */;
			path = LocalEat.xcdatamodeld;
			sourceTree = "<group>";
			versionGroupType = wrapper.xcdatamodel;
		};
/* End XCVersionGroup section */
	};
	rootObject = 6EA923E92BF7797F005079E6 /* Project object */;
}
